
Microsoft Visual Studio Solution File, Format Version 12.00
# Visual Studio Version 17
VisualStudioVersion = 17.12.35521.163 d17.12
MinimumVisualStudioVersion = 10.0.40219.1
Project("{FAE04EC0-301F-11D3-BF4B-00C04F79EFBC}") = "kibitzerCZ.RomanNumerals", "kibitzerCZ.RomanNumerals.csproj", "{87CD15A5-E940-42B7-860D-E9A2E2D72AE8}"
EndProject
Project("{FAE04EC0-301F-11D3-BF4B-00C04F79EFBC}") = "TestProject", "..\TestProject\TestProject.csproj", "{88EAA9E2-4089-450A-8582-732EA3209232}"
EndProject
Global
	GlobalSection(SolutionConfigurationPlatforms) = preSolution
		Debug|Any CPU = Debug|Any CPU
		Release|Any CPU = Release|Any CPU
	EndGlobalSection
	GlobalSection(ProjectConfigurationPlatforms) = postSolution
		{87CD15A5-E940-42B7-860D-E9A2E2D72AE8}.Debug|Any CPU.ActiveCfg = Debug|Any CPU
		{87CD15A5-E940-42B7-860D-E9A2E2D72AE8}.Debug|Any CPU.Build.0 = Debug|Any CPU
		{87CD15A5-E940-42B7-860D-E9A2E2D72AE8}.Release|Any CPU.ActiveCfg = Release|Any CPU
		{87CD15A5-E940-42B7-860D-E9A2E2D72AE8}.Release|Any CPU.Build.0 = Release|Any CPU
		{88EAA9E2-4089-450A-8582-732EA3209232}.Debug|Any CPU.ActiveCfg = Debug|Any CPU
		{88EAA9E2-4089-450A-8582-732EA3209232}.Debug|Any CPU.Build.0 = Debug|Any CPU
		{88EAA9E2-4089-450A-8582-732EA3209232}.Release|Any CPU.ActiveCfg = Release|Any CPU
		{88EAA9E2-4089-450A-8582-732EA3209232}.Release|Any CPU.Build.0 = Release|Any CPU
	EndGlobalSection
	GlobalSection(SolutionProperties) = preSolution
		HideSolutionNode = FALSE
	EndGlobalSection
EndGlobal
